# This file is automatically @generated by Cargo.
# It is not intended for manual editing.
version = 4

[[package]]
name = "equivalent"
version = "1.0.2"
source = "registry+https://github.com/rust-lang/crates.io-index"
checksum = "877a4ace8713b0bcf2a4e7eec82529c029f1d0619886d18145fea96c3ffe5c0f"

[[package]]
name = "hashbrown"
version = "0.16.1"
source = "registry+https://github.com/rust-lang/crates.io-index"
checksum = "841d1cc9bed7f9236f321df977030373f4a4163ae1a7dbfe1a51a2c1a51d9100"

[[package]]
name = "indexmap"
version = "2.11.4"
source = "registry+https://github.com/rust-lang/crates.io-index"
checksum = "4b0f83760fb341a774ed326568e19f5a863af4a952def8c39f9ab92fd95b88e5"
dependencies = [
 "equivalent",
 "hashbrown",
]

[[package]]
name = "rio"
version = "0.1.0"
dependencies = [
 "rio-engine",
]

[[package]]
name = "rio-engine"
version = "0.0.1"
dependencies = [
 "temper-core",
 "temper-std",
]

[[package]]
name = "temper-core"
version = "0.6.0"
dependencies = [
 "indexmap",
]

[[package]]
name = "temper-std"
version = "0.6.0"
dependencies = [
 "temper-core",
]
