[[package]]
name = "difference"
version = "1.0.0"
source = "registry+https://github.com/rust-lang/crates.io-index"

[[package]]
name = "rio"
version = "0.1.0"
dependencies = [
 "difference 1.0.0 (registry+https://github.com/rust-lang/crates.io-index)",
]

[metadata]
"checksum difference 1.0.0 (registry+https://github.com/rust-lang/crates.io-index)" = "b3304d19798a8e067e48d8e69b2c37f0b5e9b4e462504ad9e27e9f3fce02bba8"
