[[package]]
name = "app_dirs"
version = "1.1.1"
source = "registry+https://github.com/rust-lang/crates.io-index"
dependencies = [
 "ole32-sys 0.2.0 (registry+https://github.com/rust-lang/crates.io-index)",
 "shell32-sys 0.1.1 (registry+https://github.com/rust-lang/crates.io-index)",
 "winapi 0.2.8 (registry+https://github.com/rust-lang/crates.io-index)",
 "xdg 2.1.0 (registry+https://github.com/rust-lang/crates.io-index)",
]

[[package]]
name = "cbuild"
version = "0.1.0"

[[package]]
name = "difference"
version = "1.0.0"
source = "registry+https://github.com/rust-lang/crates.io-index"

[[package]]
name = "ole32-sys"
version = "0.2.0"
source = "registry+https://github.com/rust-lang/crates.io-index"
dependencies = [
 "winapi 0.2.8 (registry+https://github.com/rust-lang/crates.io-index)",
 "winapi-build 0.1.1 (registry+https://github.com/rust-lang/crates.io-index)",
]

[[package]]
name = "rio"
version = "0.1.0"
dependencies = [
 "app_dirs 1.1.1 (registry+https://github.com/rust-lang/crates.io-index)",
 "cbuild 0.1.0",
 "difference 1.0.0 (registry+https://github.com/rust-lang/crates.io-index)",
]

[[package]]
name = "shell32-sys"
version = "0.1.1"
source = "registry+https://github.com/rust-lang/crates.io-index"
dependencies = [
 "winapi 0.2.8 (registry+https://github.com/rust-lang/crates.io-index)",
 "winapi-build 0.1.1 (registry+https://github.com/rust-lang/crates.io-index)",
]

[[package]]
name = "winapi"
version = "0.2.8"
source = "registry+https://github.com/rust-lang/crates.io-index"

[[package]]
name = "winapi-build"
version = "0.1.1"
source = "registry+https://github.com/rust-lang/crates.io-index"

[[package]]
name = "xdg"
version = "2.1.0"
source = "registry+https://github.com/rust-lang/crates.io-index"

[metadata]
"checksum app_dirs 1.1.1 (registry+https://github.com/rust-lang/crates.io-index)" = "b7d1c0d48a81bbb13043847f957971f4d87c81542d80ece5e84ba3cba4058fd4"
"checksum difference 1.0.0 (registry+https://github.com/rust-lang/crates.io-index)" = "b3304d19798a8e067e48d8e69b2c37f0b5e9b4e462504ad9e27e9f3fce02bba8"
"checksum ole32-sys 0.2.0 (registry+https://github.com/rust-lang/crates.io-index)" = "5d2c49021782e5233cd243168edfa8037574afed4eba4bbaf538b3d8d1789d8c"
"checksum shell32-sys 0.1.1 (registry+https://github.com/rust-lang/crates.io-index)" = "72f20b8f3c060374edb8046591ba28f62448c369ccbdc7b02075103fb3a9e38d"
"checksum winapi 0.2.8 (registry+https://github.com/rust-lang/crates.io-index)" = "167dc9d6949a9b857f3451275e911c3f44255842c1f7a76f33c55103a909087a"
"checksum winapi-build 0.1.1 (registry+https://github.com/rust-lang/crates.io-index)" = "2d315eee3b34aca4797b2da6b13ed88266e6d612562a0c46390af8299fc699bc"
"checksum xdg 2.1.0 (registry+https://github.com/rust-lang/crates.io-index)" = "a66b7c2281ebde13cf4391d70d4c7e5946c3c25e72a7b859ca8f677dcd0b0c61"
